
Microsoft Visual Studio Solution File, Format Version 12.00
# Visual Studio Version 17
VisualStudioVersion = 17.3.32929.385
MinimumVisualStudioVersion = 10.0.40219.1
Project("{9A19103F-16F7-4668-BE54-9A1E7A4F7556}") = "DBP.MyLittleBlog.Domain", "src\DBP.MyLittleBlog.Domain\DBP.MyLittleBlog.Domain.csproj", "{554AD327-6DBA-4F8F-96F8-81CE7A0C863F}"
EndProject
Project("{9A19103F-16F7-4668-BE54-9A1E7A4F7556}") = "ModuleC.TestBase", "modules\ModuleC\test\ModuleC.TestBase\ModuleC.TestBase.csproj", "{f81e6685-2e79-4951-a251-9c424f9fd2fc}"
EndProject
Project("{9A19103F-16F7-4668-BE54-9A1E7A4F7556}") = "ModuleC.HttpApi.Client.ConsoleTestApp", "modules\ModuleC\test\ModuleC.HttpApi.Client.ConsoleTestApp\ModuleC.HttpApi.Client.ConsoleTestApp.csproj", "{354c4834-763d-4681-bc51-80a807c96108}"
EndProject
Project("{9A19103F-16F7-4668-BE54-9A1E7A4F7556}") = "ModuleC.EntityFrameworkCore.Tests", "modules\ModuleC\test\ModuleC.EntityFrameworkCore.Tests\ModuleC.EntityFrameworkCore.Tests.csproj", "{195d1add-0db7-4564-9990-fb574a1b57ee}"
EndProject
Project("{9A19103F-16F7-4668-BE54-9A1E7A4F7556}") = "ModuleC.Domain.Tests", "modules\ModuleC\test\ModuleC.Domain.Tests\ModuleC.Domain.Tests.csproj", "{8cdf998e-cf7a-435b-8f9c-ff146e16f7fc}"
EndProject
Project("{9A19103F-16F7-4668-BE54-9A1E7A4F7556}") = "ModuleC.Application.Tests", "modules\ModuleC\test\ModuleC.Application.Tests\ModuleC.Application.Tests.csproj", "{70d94e2f-c7cc-48b6-854e-8f93edd8469b}"
EndProject
Project("{9A19103F-16F7-4668-BE54-9A1E7A4F7556}") = "ModuleC.Web", "modules\ModuleC\src\ModuleC.Web\ModuleC.Web.csproj", "{ff86772b-287a-4851-ae24-bcd6298c8efd}"
EndProject
Project("{9A19103F-16F7-4668-BE54-9A1E7A4F7556}") = "ModuleC.Installer", "modules\ModuleC\src\ModuleC.Installer\ModuleC.Installer.csproj", "{bc586268-dec3-4ffb-bbdc-a8bbd5eb365a}"
EndProject
Project("{9A19103F-16F7-4668-BE54-9A1E7A4F7556}") = "ModuleC.HttpApi.Client", "modules\ModuleC\src\ModuleC.HttpApi.Client\ModuleC.HttpApi.Client.csproj", "{1f7d4a48-4467-425c-8263-3c2e96236141}"
EndProject
Project("{9A19103F-16F7-4668-BE54-9A1E7A4F7556}") = "ModuleC.HttpApi", "modules\ModuleC\src\ModuleC.HttpApi\ModuleC.HttpApi.csproj", "{a2a11d04-e960-41cc-bb93-d80a9cbea2e9}"
EndProject
Project("{9A19103F-16F7-4668-BE54-9A1E7A4F7556}") = "ModuleC.EntityFrameworkCore", "modules\ModuleC\src\ModuleC.EntityFrameworkCore\ModuleC.EntityFrameworkCore.csproj", "{aba83c6a-d5ef-416a-a44a-b14808cb78a8}"
EndProject
Project("{9A19103F-16F7-4668-BE54-9A1E7A4F7556}") = "ModuleC.Domain.Shared", "modules\ModuleC\src\ModuleC.Domain.Shared\ModuleC.Domain.Shared.csproj", "{619e8d2e-eaf9-4715-abf9-f54b648f8055}"
EndProject
Project("{9A19103F-16F7-4668-BE54-9A1E7A4F7556}") = "ModuleC.Domain", "modules\ModuleC\src\ModuleC.Domain\ModuleC.Domain.csproj", "{70f72b86-8ecb-408e-87d0-9e6049c70400}"
EndProject
Project("{9A19103F-16F7-4668-BE54-9A1E7A4F7556}") = "ModuleC.Application.Contracts", "modules\ModuleC\src\ModuleC.Application.Contracts\ModuleC.Application.Contracts.csproj", "{3857954a-7d6e-4d3b-92af-4ba979cdb618}"
EndProject
Project("{9A19103F-16F7-4668-BE54-9A1E7A4F7556}") = "ModuleC.Application", "modules\ModuleC\src\ModuleC.Application\ModuleC.Application.csproj", "{79dc468e-3aad-4c6c-91c0-0f423d2ee673}"
EndProject
Project("{2150E333-8FDC-42A3-9474-1A3956D46DE8}") = "ModuleC.Tests", "ModuleC.Tests", "{1db0ce5b-5559-4ba2-8a52-80fc4a69565b}"
EndProject
Project("{2150E333-8FDC-42A3-9474-1A3956D46DE8}") = "ModuleC", "ModuleC", "{1074959c-365c-4f4c-9135-0844e5a82f81}"
EndProject
Project("{9A19103F-16F7-4668-BE54-9A1E7A4F7556}") = "ModuleB.TestBase", "modules\ModuleB\test\ModuleB.TestBase\ModuleB.TestBase.csproj", "{c3bafa30-bef4-47e3-9ec9-152a25b248e8}"
EndProject
Project("{9A19103F-16F7-4668-BE54-9A1E7A4F7556}") = "ModuleB.HttpApi.Client.ConsoleTestApp", "modules\ModuleB\test\ModuleB.HttpApi.Client.ConsoleTestApp\ModuleB.HttpApi.Client.ConsoleTestApp.csproj", "{b22f1a99-fdd4-4617-921d-61688c271200}"
EndProject
Project("{9A19103F-16F7-4668-BE54-9A1E7A4F7556}") = "ModuleB.EntityFrameworkCore.Tests", "modules\ModuleB\test\ModuleB.EntityFrameworkCore.Tests\ModuleB.EntityFrameworkCore.Tests.csproj", "{025cf94b-e670-4f5e-bdc9-5b17d6d35995}"
EndProject
Project("{9A19103F-16F7-4668-BE54-9A1E7A4F7556}") = "ModuleB.Domain.Tests", "modules\ModuleB\test\ModuleB.Domain.Tests\ModuleB.Domain.Tests.csproj", "{4fad9657-e9f7-43a5-b3d1-d852bb045a9c}"
EndProject
Project("{9A19103F-16F7-4668-BE54-9A1E7A4F7556}") = "ModuleB.Application.Tests", "modules\ModuleB\test\ModuleB.Application.Tests\ModuleB.Application.Tests.csproj", "{8a692eb4-d8ea-4769-9d0e-72f4e863c4b1}"
EndProject
Project("{9A19103F-16F7-4668-BE54-9A1E7A4F7556}") = "ModuleB.Web", "modules\ModuleB\src\ModuleB.Web\ModuleB.Web.csproj", "{8da27689-d872-4550-ab3d-243d29723f10}"
EndProject
Project("{9A19103F-16F7-4668-BE54-9A1E7A4F7556}") = "ModuleB.Installer", "modules\ModuleB\src\ModuleB.Installer\ModuleB.Installer.csproj", "{d02459c4-34ec-43a4-a56a-fe79f20bd981}"
EndProject
Project("{9A19103F-16F7-4668-BE54-9A1E7A4F7556}") = "ModuleB.HttpApi.Client", "modules\ModuleB\src\ModuleB.HttpApi.Client\ModuleB.HttpApi.Client.csproj", "{fdae7f42-ae36-4bcc-a6d4-5d7c44b0dc0a}"
EndProject
Project("{9A19103F-16F7-4668-BE54-9A1E7A4F7556}") = "ModuleB.HttpApi", "modules\ModuleB\src\ModuleB.HttpApi\ModuleB.HttpApi.csproj", "{14a2d57b-0887-4103-b1a2-f2f12bec1cf0}"
EndProject
Project("{9A19103F-16F7-4668-BE54-9A1E7A4F7556}") = "ModuleB.EntityFrameworkCore", "modules\ModuleB\src\ModuleB.EntityFrameworkCore\ModuleB.EntityFrameworkCore.csproj", "{d8d4179a-3f38-44f7-ba7c-9f831d75b555}"
EndProject
Project("{9A19103F-16F7-4668-BE54-9A1E7A4F7556}") = "ModuleB.Domain.Shared", "modules\ModuleB\src\ModuleB.Domain.Shared\ModuleB.Domain.Shared.csproj", "{fa0beb96-4b18-4350-9c16-647a4dceef94}"
EndProject
Project("{9A19103F-16F7-4668-BE54-9A1E7A4F7556}") = "ModuleB.Domain", "modules\ModuleB\src\ModuleB.Domain\ModuleB.Domain.csproj", "{e1c89a68-5d2b-4a46-ae8e-38273e8f8173}"
EndProject
Project("{9A19103F-16F7-4668-BE54-9A1E7A4F7556}") = "ModuleB.Application.Contracts", "modules\ModuleB\src\ModuleB.Application.Contracts\ModuleB.Application.Contracts.csproj", "{e7fc660f-a1be-47f8-99ff-b78b9f6570e7}"
EndProject
Project("{9A19103F-16F7-4668-BE54-9A1E7A4F7556}") = "ModuleB.Application", "modules\ModuleB\src\ModuleB.Application\ModuleB.Application.csproj", "{7672c015-6cd9-4d75-8bcb-efd086d90495}"
EndProject
Project("{2150E333-8FDC-42A3-9474-1A3956D46DE8}") = "ModuleB.Tests", "ModuleB.Tests", "{2b70c136-790c-48f5-831f-c09958bdbb33}"
EndProject
Project("{2150E333-8FDC-42A3-9474-1A3956D46DE8}") = "ModuleB", "ModuleB", "{157caf5a-12b2-49a1-b73c-f94a8bd19a2d}"
EndProject
Project("{9A19103F-16F7-4668-BE54-9A1E7A4F7556}") = "ModuleA.TestBase", "modules\ModuleA\test\ModuleA.TestBase\ModuleA.TestBase.csproj", "{281df08b-93b9-4a56-88ae-6e5203abfaba}"
EndProject
Project("{9A19103F-16F7-4668-BE54-9A1E7A4F7556}") = "ModuleA.HttpApi.Client.ConsoleTestApp", "modules\ModuleA\test\ModuleA.HttpApi.Client.ConsoleTestApp\ModuleA.HttpApi.Client.ConsoleTestApp.csproj", "{a2153654-c573-436e-ac56-9735150ea318}"
EndProject
Project("{9A19103F-16F7-4668-BE54-9A1E7A4F7556}") = "ModuleA.EntityFrameworkCore.Tests", "modules\ModuleA\test\ModuleA.EntityFrameworkCore.Tests\ModuleA.EntityFrameworkCore.Tests.csproj", "{2dd792a8-8b41-43de-b852-cf17e309f3ba}"
EndProject
Project("{9A19103F-16F7-4668-BE54-9A1E7A4F7556}") = "ModuleA.Domain.Tests", "modules\ModuleA\test\ModuleA.Domain.Tests\ModuleA.Domain.Tests.csproj", "{fda47144-d253-4c1f-8745-28a24441e6f7}"
EndProject
Project("{9A19103F-16F7-4668-BE54-9A1E7A4F7556}") = "ModuleA.Application.Tests", "modules\ModuleA\test\ModuleA.Application.Tests\ModuleA.Application.Tests.csproj", "{1c7a4917-29c3-4bd1-a612-74c38dfbd61a}"
EndProject
Project("{9A19103F-16F7-4668-BE54-9A1E7A4F7556}") = "ModuleA.Web", "modules\ModuleA\src\ModuleA.Web\ModuleA.Web.csproj", "{17641503-47c6-450a-96f0-c3ac23b802be}"
EndProject
Project("{9A19103F-16F7-4668-BE54-9A1E7A4F7556}") = "ModuleA.Installer", "modules\ModuleA\src\ModuleA.Installer\ModuleA.Installer.csproj", "{4d23608b-9a72-40f5-8a18-839e84ca35ba}"
EndProject
Project("{9A19103F-16F7-4668-BE54-9A1E7A4F7556}") = "ModuleA.HttpApi.Client", "modules\ModuleA\src\ModuleA.HttpApi.Client\ModuleA.HttpApi.Client.csproj", "{0e16c99f-f2a2-4b2c-893c-e28d855b9e21}"
EndProject
Project("{9A19103F-16F7-4668-BE54-9A1E7A4F7556}") = "ModuleA.HttpApi", "modules\ModuleA\src\ModuleA.HttpApi\ModuleA.HttpApi.csproj", "{8c944af3-299f-4f69-badb-ad87b2ed234c}"
EndProject
Project("{9A19103F-16F7-4668-BE54-9A1E7A4F7556}") = "ModuleA.EntityFrameworkCore", "modules\ModuleA\src\ModuleA.EntityFrameworkCore\ModuleA.EntityFrameworkCore.csproj", "{71143814-c4ad-4f92-aea4-3ef7c981ba4c}"
EndProject
Project("{9A19103F-16F7-4668-BE54-9A1E7A4F7556}") = "ModuleA.Domain.Shared", "modules\ModuleA\src\ModuleA.Domain.Shared\ModuleA.Domain.Shared.csproj", "{14274db6-e416-4fd9-a656-99f3cfb3b622}"
EndProject
Project("{9A19103F-16F7-4668-BE54-9A1E7A4F7556}") = "ModuleA.Domain", "modules\ModuleA\src\ModuleA.Domain\ModuleA.Domain.csproj", "{473223b8-8052-4499-b84c-c2896e462a3d}"
EndProject
Project("{9A19103F-16F7-4668-BE54-9A1E7A4F7556}") = "ModuleA.Application.Contracts", "modules\ModuleA\src\ModuleA.Application.Contracts\ModuleA.Application.Contracts.csproj", "{55f0f6f1-00b5-40db-aa59-b7e1d565f33e}"
EndProject
Project("{9A19103F-16F7-4668-BE54-9A1E7A4F7556}") = "ModuleA.Application", "modules\ModuleA\src\ModuleA.Application\ModuleA.Application.csproj", "{b4b200ec-49e7-4933-9d33-c0a93c0dafb9}"
EndProject
Project("{2150E333-8FDC-42A3-9474-1A3956D46DE8}") = "ModuleA.Tests", "ModuleA.Tests", "{4b3d3696-5617-492d-bc47-2cfbf1e68238}"
EndProject
Project("{2150E333-8FDC-42A3-9474-1A3956D46DE8}") = "ModuleA", "ModuleA", "{09e9499e-bcf2-4d48-a430-ea282f4dafcc}"
EndProject
Project("{2150E333-8FDC-42A3-9474-1A3956D46DE8}") = "modules", "modules", "{475846e2-2d09-4164-b69c-8c7ffaef27f0}"
EndProject
Project("{9A19103F-16F7-4668-BE54-9A1E7A4F7556}") = "DBP.MyLittleBlog.Application", "src\DBP.MyLittleBlog.Application\DBP.MyLittleBlog.Application.csproj", "{1A94A50E-06DC-43C1-80B5-B662820EC3EB}"
EndProject
Project("{9A19103F-16F7-4668-BE54-9A1E7A4F7556}") = "DBP.MyLittleBlog.EntityFrameworkCore", "src\DBP.MyLittleBlog.EntityFrameworkCore\DBP.MyLittleBlog.EntityFrameworkCore.csproj", "{C956DD76-69C8-4A9C-83EA-D17DF83340FD}"
EndProject
Project("{9A19103F-16F7-4668-BE54-9A1E7A4F7556}") = "DBP.MyLittleBlog.Web", "src\DBP.MyLittleBlog.Web\DBP.MyLittleBlog.Web.csproj", "{068855E8-9240-4F1A-910B-CF825794513B}"
EndProject
Project("{2150E333-8FDC-42A3-9474-1A3956D46DE8}") = "src", "src", "{CA9AC87F-097E-4F15-8393-4BC07735A5B0}"
EndProject
Project("{2150E333-8FDC-42A3-9474-1A3956D46DE8}") = "test", "test", "{04DBDB01-70F4-4E06-B468-8F87850B22BE}"
EndProject
Project("{9A19103F-16F7-4668-BE54-9A1E7A4F7556}") = "DBP.MyLittleBlog.Application.Tests", "test\DBP.MyLittleBlog.Application.Tests\DBP.MyLittleBlog.Application.Tests.csproj", "{50B2631D-129C-47B3-A587-029CCD6099BC}"
EndProject
Project("{9A19103F-16F7-4668-BE54-9A1E7A4F7556}") = "DBP.MyLittleBlog.Web.Tests", "test\DBP.MyLittleBlog.Web.Tests\DBP.MyLittleBlog.Web.Tests.csproj", "{5F1B28C6-8D0C-4155-92D0-252F7EA5F674}"
EndProject
Project("{9A19103F-16F7-4668-BE54-9A1E7A4F7556}") = "DBP.MyLittleBlog.Domain.Shared", "src\DBP.MyLittleBlog.Domain.Shared\DBP.MyLittleBlog.Domain.Shared.csproj", "{42F719ED-8413-4895-B5B4-5AB56079BC66}"
EndProject
Project("{9A19103F-16F7-4668-BE54-9A1E7A4F7556}") = "DBP.MyLittleBlog.Application.Contracts", "src\DBP.MyLittleBlog.Application.Contracts\DBP.MyLittleBlog.Application.Contracts.csproj", "{520659C8-C734-4298-A3DA-B539DB9DFC0B}"
EndProject
Project("{9A19103F-16F7-4668-BE54-9A1E7A4F7556}") = "DBP.MyLittleBlog.HttpApi", "src\DBP.MyLittleBlog.HttpApi\DBP.MyLittleBlog.HttpApi.csproj", "{4164BDF7-F527-4E85-9CE6-E3C2D7426A27}"
EndProject
Project("{9A19103F-16F7-4668-BE54-9A1E7A4F7556}") = "DBP.MyLittleBlog.HttpApi.Client", "src\DBP.MyLittleBlog.HttpApi.Client\DBP.MyLittleBlog.HttpApi.Client.csproj", "{3B5A0094-670D-4BB1-BFDD-61B88A8773DC}"
EndProject
Project("{9A19103F-16F7-4668-BE54-9A1E7A4F7556}") = "DBP.MyLittleBlog.EntityFrameworkCore.Tests", "test\DBP.MyLittleBlog.EntityFrameworkCore.Tests\DBP.MyLittleBlog.EntityFrameworkCore.Tests.csproj", "{1FE30EB9-74A9-47F5-A9F6-7B1FAB672D81}"
EndProject
Project("{9A19103F-16F7-4668-BE54-9A1E7A4F7556}") = "DBP.MyLittleBlog.TestBase", "test\DBP.MyLittleBlog.TestBase\DBP.MyLittleBlog.TestBase.csproj", "{91853F21-9CD9-4132-BC29-A7D5D84FFFE7}"
EndProject
Project("{9A19103F-16F7-4668-BE54-9A1E7A4F7556}") = "DBP.MyLittleBlog.Domain.Tests", "test\DBP.MyLittleBlog.Domain.Tests\DBP.MyLittleBlog.Domain.Tests.csproj", "{E512F4D9-9375-480F-A2F6-A46509F9D824}"
EndProject
Project("{9A19103F-16F7-4668-BE54-9A1E7A4F7556}") = "DBP.MyLittleBlog.HttpApi.Client.ConsoleTestApp", "test\DBP.MyLittleBlog.HttpApi.Client.ConsoleTestApp\DBP.MyLittleBlog.HttpApi.Client.ConsoleTestApp.csproj", "{EF480016-9127-4916-8735-D2466BDBC582}"
EndProject
Project("{9A19103F-16F7-4668-BE54-9A1E7A4F7556}") = "DBP.MyLittleBlog.DbMigrator", "src\DBP.MyLittleBlog.DbMigrator\DBP.MyLittleBlog.DbMigrator.csproj", "{AA94D832-1CCC-4715-95A9-A483F23A1A5D}"
EndProject
Global
	GlobalSection(SolutionConfigurationPlatforms) = preSolution
		Debug|Any CPU = Debug|Any CPU
		Release|Any CPU = Release|Any CPU
	EndGlobalSection
	GlobalSection(ProjectConfigurationPlatforms) = postSolution
		{f81e6685-2e79-4951-a251-9c424f9fd2fc}.Debug|Any CPU.ActiveCfg = Debug|Any CPU
		{f81e6685-2e79-4951-a251-9c424f9fd2fc}.Debug|Any CPU.Build.0 = Debug|Any CPU
		{f81e6685-2e79-4951-a251-9c424f9fd2fc}.Release|Any CPU.ActiveCfg = Release|Any CPU
		{f81e6685-2e79-4951-a251-9c424f9fd2fc}.Release|Any CPU.Build.0 = Release|Any CPU
		{354c4834-763d-4681-bc51-80a807c96108}.Debug|Any CPU.ActiveCfg = Debug|Any CPU
		{354c4834-763d-4681-bc51-80a807c96108}.Debug|Any CPU.Build.0 = Debug|Any CPU
		{354c4834-763d-4681-bc51-80a807c96108}.Release|Any CPU.ActiveCfg = Release|Any CPU
		{354c4834-763d-4681-bc51-80a807c96108}.Release|Any CPU.Build.0 = Release|Any CPU
		{195d1add-0db7-4564-9990-fb574a1b57ee}.Debug|Any CPU.ActiveCfg = Debug|Any CPU
		{195d1add-0db7-4564-9990-fb574a1b57ee}.Debug|Any CPU.Build.0 = Debug|Any CPU
		{195d1add-0db7-4564-9990-fb574a1b57ee}.Release|Any CPU.ActiveCfg = Release|Any CPU
		{195d1add-0db7-4564-9990-fb574a1b57ee}.Release|Any CPU.Build.0 = Release|Any CPU
		{8cdf998e-cf7a-435b-8f9c-ff146e16f7fc}.Debug|Any CPU.ActiveCfg = Debug|Any CPU
		{8cdf998e-cf7a-435b-8f9c-ff146e16f7fc}.Debug|Any CPU.Build.0 = Debug|Any CPU
		{8cdf998e-cf7a-435b-8f9c-ff146e16f7fc}.Release|Any CPU.ActiveCfg = Release|Any CPU
		{8cdf998e-cf7a-435b-8f9c-ff146e16f7fc}.Release|Any CPU.Build.0 = Release|Any CPU
		{70d94e2f-c7cc-48b6-854e-8f93edd8469b}.Debug|Any CPU.ActiveCfg = Debug|Any CPU
		{70d94e2f-c7cc-48b6-854e-8f93edd8469b}.Debug|Any CPU.Build.0 = Debug|Any CPU
		{70d94e2f-c7cc-48b6-854e-8f93edd8469b}.Release|Any CPU.ActiveCfg = Release|Any CPU
		{70d94e2f-c7cc-48b6-854e-8f93edd8469b}.Release|Any CPU.Build.0 = Release|Any CPU
		{ff86772b-287a-4851-ae24-bcd6298c8efd}.Debug|Any CPU.ActiveCfg = Debug|Any CPU
		{ff86772b-287a-4851-ae24-bcd6298c8efd}.Debug|Any CPU.Build.0 = Debug|Any CPU
		{ff86772b-287a-4851-ae24-bcd6298c8efd}.Release|Any CPU.ActiveCfg = Release|Any CPU
		{ff86772b-287a-4851-ae24-bcd6298c8efd}.Release|Any CPU.Build.0 = Release|Any CPU
		{bc586268-dec3-4ffb-bbdc-a8bbd5eb365a}.Debug|Any CPU.ActiveCfg = Debug|Any CPU
		{bc586268-dec3-4ffb-bbdc-a8bbd5eb365a}.Debug|Any CPU.Build.0 = Debug|Any CPU
		{bc586268-dec3-4ffb-bbdc-a8bbd5eb365a}.Release|Any CPU.ActiveCfg = Release|Any CPU
		{bc586268-dec3-4ffb-bbdc-a8bbd5eb365a}.Release|Any CPU.Build.0 = Release|Any CPU
		{1f7d4a48-4467-425c-8263-3c2e96236141}.Debug|Any CPU.ActiveCfg = Debug|Any CPU
		{1f7d4a48-4467-425c-8263-3c2e96236141}.Debug|Any CPU.Build.0 = Debug|Any CPU
		{1f7d4a48-4467-425c-8263-3c2e96236141}.Release|Any CPU.ActiveCfg = Release|Any CPU
		{1f7d4a48-4467-425c-8263-3c2e96236141}.Release|Any CPU.Build.0 = Release|Any CPU
		{a2a11d04-e960-41cc-bb93-d80a9cbea2e9}.Debug|Any CPU.ActiveCfg = Debug|Any CPU
		{a2a11d04-e960-41cc-bb93-d80a9cbea2e9}.Debug|Any CPU.Build.0 = Debug|Any CPU
		{a2a11d04-e960-41cc-bb93-d80a9cbea2e9}.Release|Any CPU.ActiveCfg = Release|Any CPU
		{a2a11d04-e960-41cc-bb93-d80a9cbea2e9}.Release|Any CPU.Build.0 = Release|Any CPU
		{aba83c6a-d5ef-416a-a44a-b14808cb78a8}.Debug|Any CPU.ActiveCfg = Debug|Any CPU
		{aba83c6a-d5ef-416a-a44a-b14808cb78a8}.Debug|Any CPU.Build.0 = Debug|Any CPU
		{aba83c6a-d5ef-416a-a44a-b14808cb78a8}.Release|Any CPU.ActiveCfg = Release|Any CPU
		{aba83c6a-d5ef-416a-a44a-b14808cb78a8}.Release|Any CPU.Build.0 = Release|Any CPU
		{619e8d2e-eaf9-4715-abf9-f54b648f8055}.Debug|Any CPU.ActiveCfg = Debug|Any CPU
		{619e8d2e-eaf9-4715-abf9-f54b648f8055}.Debug|Any CPU.Build.0 = Debug|Any CPU
		{619e8d2e-eaf9-4715-abf9-f54b648f8055}.Release|Any CPU.ActiveCfg = Release|Any CPU
		{619e8d2e-eaf9-4715-abf9-f54b648f8055}.Release|Any CPU.Build.0 = Release|Any CPU
		{70f72b86-8ecb-408e-87d0-9e6049c70400}.Debug|Any CPU.ActiveCfg = Debug|Any CPU
		{70f72b86-8ecb-408e-87d0-9e6049c70400}.Debug|Any CPU.Build.0 = Debug|Any CPU
		{70f72b86-8ecb-408e-87d0-9e6049c70400}.Release|Any CPU.ActiveCfg = Release|Any CPU
		{70f72b86-8ecb-408e-87d0-9e6049c70400}.Release|Any CPU.Build.0 = Release|Any CPU
		{3857954a-7d6e-4d3b-92af-4ba979cdb618}.Debug|Any CPU.ActiveCfg = Debug|Any CPU
		{3857954a-7d6e-4d3b-92af-4ba979cdb618}.Debug|Any CPU.Build.0 = Debug|Any CPU
		{3857954a-7d6e-4d3b-92af-4ba979cdb618}.Release|Any CPU.ActiveCfg = Release|Any CPU
		{3857954a-7d6e-4d3b-92af-4ba979cdb618}.Release|Any CPU.Build.0 = Release|Any CPU
		{79dc468e-3aad-4c6c-91c0-0f423d2ee673}.Debug|Any CPU.ActiveCfg = Debug|Any CPU
		{79dc468e-3aad-4c6c-91c0-0f423d2ee673}.Debug|Any CPU.Build.0 = Debug|Any CPU
		{79dc468e-3aad-4c6c-91c0-0f423d2ee673}.Release|Any CPU.ActiveCfg = Release|Any CPU
		{79dc468e-3aad-4c6c-91c0-0f423d2ee673}.Release|Any CPU.Build.0 = Release|Any CPU
		{c3bafa30-bef4-47e3-9ec9-152a25b248e8}.Debug|Any CPU.ActiveCfg = Debug|Any CPU
		{c3bafa30-bef4-47e3-9ec9-152a25b248e8}.Debug|Any CPU.Build.0 = Debug|Any CPU
		{c3bafa30-bef4-47e3-9ec9-152a25b248e8}.Release|Any CPU.ActiveCfg = Release|Any CPU
		{c3bafa30-bef4-47e3-9ec9-152a25b248e8}.Release|Any CPU.Build.0 = Release|Any CPU
		{b22f1a99-fdd4-4617-921d-61688c271200}.Debug|Any CPU.ActiveCfg = Debug|Any CPU
		{b22f1a99-fdd4-4617-921d-61688c271200}.Debug|Any CPU.Build.0 = Debug|Any CPU
		{b22f1a99-fdd4-4617-921d-61688c271200}.Release|Any CPU.ActiveCfg = Release|Any CPU
		{b22f1a99-fdd4-4617-921d-61688c271200}.Release|Any CPU.Build.0 = Release|Any CPU
		{025cf94b-e670-4f5e-bdc9-5b17d6d35995}.Debug|Any CPU.ActiveCfg = Debug|Any CPU
		{025cf94b-e670-4f5e-bdc9-5b17d6d35995}.Debug|Any CPU.Build.0 = Debug|Any CPU
		{025cf94b-e670-4f5e-bdc9-5b17d6d35995}.Release|Any CPU.ActiveCfg = Release|Any CPU
		{025cf94b-e670-4f5e-bdc9-5b17d6d35995}.Release|Any CPU.Build.0 = Release|Any CPU
		{4fad9657-e9f7-43a5-b3d1-d852bb045a9c}.Debug|Any CPU.ActiveCfg = Debug|Any CPU
		{4fad9657-e9f7-43a5-b3d1-d852bb045a9c}.Debug|Any CPU.Build.0 = Debug|Any CPU
		{4fad9657-e9f7-43a5-b3d1-d852bb045a9c}.Release|Any CPU.ActiveCfg = Release|Any CPU
		{4fad9657-e9f7-43a5-b3d1-d852bb045a9c}.Release|Any CPU.Build.0 = Release|Any CPU
		{8a692eb4-d8ea-4769-9d0e-72f4e863c4b1}.Debug|Any CPU.ActiveCfg = Debug|Any CPU
		{8a692eb4-d8ea-4769-9d0e-72f4e863c4b1}.Debug|Any CPU.Build.0 = Debug|Any CPU
		{8a692eb4-d8ea-4769-9d0e-72f4e863c4b1}.Release|Any CPU.ActiveCfg = Release|Any CPU
		{8a692eb4-d8ea-4769-9d0e-72f4e863c4b1}.Release|Any CPU.Build.0 = Release|Any CPU
		{8da27689-d872-4550-ab3d-243d29723f10}.Debug|Any CPU.ActiveCfg = Debug|Any CPU
		{8da27689-d872-4550-ab3d-243d29723f10}.Debug|Any CPU.Build.0 = Debug|Any CPU
		{8da27689-d872-4550-ab3d-243d29723f10}.Release|Any CPU.ActiveCfg = Release|Any CPU
		{8da27689-d872-4550-ab3d-243d29723f10}.Release|Any CPU.Build.0 = Release|Any CPU
		{d02459c4-34ec-43a4-a56a-fe79f20bd981}.Debug|Any CPU.ActiveCfg = Debug|Any CPU
		{d02459c4-34ec-43a4-a56a-fe79f20bd981}.Debug|Any CPU.Build.0 = Debug|Any CPU
		{d02459c4-34ec-43a4-a56a-fe79f20bd981}.Release|Any CPU.ActiveCfg = Release|Any CPU
		{d02459c4-34ec-43a4-a56a-fe79f20bd981}.Release|Any CPU.Build.0 = Release|Any CPU
		{fdae7f42-ae36-4bcc-a6d4-5d7c44b0dc0a}.Debug|Any CPU.ActiveCfg = Debug|Any CPU
		{fdae7f42-ae36-4bcc-a6d4-5d7c44b0dc0a}.Debug|Any CPU.Build.0 = Debug|Any CPU
		{fdae7f42-ae36-4bcc-a6d4-5d7c44b0dc0a}.Release|Any CPU.ActiveCfg = Release|Any CPU
		{fdae7f42-ae36-4bcc-a6d4-5d7c44b0dc0a}.Release|Any CPU.Build.0 = Release|Any CPU
		{14a2d57b-0887-4103-b1a2-f2f12bec1cf0}.Debug|Any CPU.ActiveCfg = Debug|Any CPU
		{14a2d57b-0887-4103-b1a2-f2f12bec1cf0}.Debug|Any CPU.Build.0 = Debug|Any CPU
		{14a2d57b-0887-4103-b1a2-f2f12bec1cf0}.Release|Any CPU.ActiveCfg = Release|Any CPU
		{14a2d57b-0887-4103-b1a2-f2f12bec1cf0}.Release|Any CPU.Build.0 = Release|Any CPU
		{d8d4179a-3f38-44f7-ba7c-9f831d75b555}.Debug|Any CPU.ActiveCfg = Debug|Any CPU
		{d8d4179a-3f38-44f7-ba7c-9f831d75b555}.Debug|Any CPU.Build.0 = Debug|Any CPU
		{d8d4179a-3f38-44f7-ba7c-9f831d75b555}.Release|Any CPU.ActiveCfg = Release|Any CPU
		{d8d4179a-3f38-44f7-ba7c-9f831d75b555}.Release|Any CPU.Build.0 = Release|Any CPU
		{fa0beb96-4b18-4350-9c16-647a4dceef94}.Debug|Any CPU.ActiveCfg = Debug|Any CPU
		{fa0beb96-4b18-4350-9c16-647a4dceef94}.Debug|Any CPU.Build.0 = Debug|Any CPU
		{fa0beb96-4b18-4350-9c16-647a4dceef94}.Release|Any CPU.ActiveCfg = Release|Any CPU
		{fa0beb96-4b18-4350-9c16-647a4dceef94}.Release|Any CPU.Build.0 = Release|Any CPU
		{e1c89a68-5d2b-4a46-ae8e-38273e8f8173}.Debug|Any CPU.ActiveCfg = Debug|Any CPU
		{e1c89a68-5d2b-4a46-ae8e-38273e8f8173}.Debug|Any CPU.Build.0 = Debug|Any CPU
		{e1c89a68-5d2b-4a46-ae8e-38273e8f8173}.Release|Any CPU.ActiveCfg = Release|Any CPU
		{e1c89a68-5d2b-4a46-ae8e-38273e8f8173}.Release|Any CPU.Build.0 = Release|Any CPU
		{e7fc660f-a1be-47f8-99ff-b78b9f6570e7}.Debug|Any CPU.ActiveCfg = Debug|Any CPU
		{e7fc660f-a1be-47f8-99ff-b78b9f6570e7}.Debug|Any CPU.Build.0 = Debug|Any CPU
		{e7fc660f-a1be-47f8-99ff-b78b9f6570e7}.Release|Any CPU.ActiveCfg = Release|Any CPU
		{e7fc660f-a1be-47f8-99ff-b78b9f6570e7}.Release|Any CPU.Build.0 = Release|Any CPU
		{7672c015-6cd9-4d75-8bcb-efd086d90495}.Debug|Any CPU.ActiveCfg = Debug|Any CPU
		{7672c015-6cd9-4d75-8bcb-efd086d90495}.Debug|Any CPU.Build.0 = Debug|Any CPU
		{7672c015-6cd9-4d75-8bcb-efd086d90495}.Release|Any CPU.ActiveCfg = Release|Any CPU
		{7672c015-6cd9-4d75-8bcb-efd086d90495}.Release|Any CPU.Build.0 = Release|Any CPU
		{281df08b-93b9-4a56-88ae-6e5203abfaba}.Debug|Any CPU.ActiveCfg = Debug|Any CPU
		{281df08b-93b9-4a56-88ae-6e5203abfaba}.Debug|Any CPU.Build.0 = Debug|Any CPU
		{281df08b-93b9-4a56-88ae-6e5203abfaba}.Release|Any CPU.ActiveCfg = Release|Any CPU
		{281df08b-93b9-4a56-88ae-6e5203abfaba}.Release|Any CPU.Build.0 = Release|Any CPU
		{a2153654-c573-436e-ac56-9735150ea318}.Debug|Any CPU.ActiveCfg = Debug|Any CPU
		{a2153654-c573-436e-ac56-9735150ea318}.Debug|Any CPU.Build.0 = Debug|Any CPU
		{a2153654-c573-436e-ac56-9735150ea318}.Release|Any CPU.ActiveCfg = Release|Any CPU
		{a2153654-c573-436e-ac56-9735150ea318}.Release|Any CPU.Build.0 = Release|Any CPU
		{2dd792a8-8b41-43de-b852-cf17e309f3ba}.Debug|Any CPU.ActiveCfg = Debug|Any CPU
		{2dd792a8-8b41-43de-b852-cf17e309f3ba}.Debug|Any CPU.Build.0 = Debug|Any CPU
		{2dd792a8-8b41-43de-b852-cf17e309f3ba}.Release|Any CPU.ActiveCfg = Release|Any CPU
		{2dd792a8-8b41-43de-b852-cf17e309f3ba}.Release|Any CPU.Build.0 = Release|Any CPU
		{fda47144-d253-4c1f-8745-28a24441e6f7}.Debug|Any CPU.ActiveCfg = Debug|Any CPU
		{fda47144-d253-4c1f-8745-28a24441e6f7}.Debug|Any CPU.Build.0 = Debug|Any CPU
		{fda47144-d253-4c1f-8745-28a24441e6f7}.Release|Any CPU.ActiveCfg = Release|Any CPU
		{fda47144-d253-4c1f-8745-28a24441e6f7}.Release|Any CPU.Build.0 = Release|Any CPU
		{1c7a4917-29c3-4bd1-a612-74c38dfbd61a}.Debug|Any CPU.ActiveCfg = Debug|Any CPU
		{1c7a4917-29c3-4bd1-a612-74c38dfbd61a}.Debug|Any CPU.Build.0 = Debug|Any CPU
		{1c7a4917-29c3-4bd1-a612-74c38dfbd61a}.Release|Any CPU.ActiveCfg = Release|Any CPU
		{1c7a4917-29c3-4bd1-a612-74c38dfbd61a}.Release|Any CPU.Build.0 = Release|Any CPU
		{17641503-47c6-450a-96f0-c3ac23b802be}.Debug|Any CPU.ActiveCfg = Debug|Any CPU
		{17641503-47c6-450a-96f0-c3ac23b802be}.Debug|Any CPU.Build.0 = Debug|Any CPU
		{17641503-47c6-450a-96f0-c3ac23b802be}.Release|Any CPU.ActiveCfg = Release|Any CPU
		{17641503-47c6-450a-96f0-c3ac23b802be}.Release|Any CPU.Build.0 = Release|Any CPU
		{4d23608b-9a72-40f5-8a18-839e84ca35ba}.Debug|Any CPU.ActiveCfg = Debug|Any CPU
		{4d23608b-9a72-40f5-8a18-839e84ca35ba}.Debug|Any CPU.Build.0 = Debug|Any CPU
		{4d23608b-9a72-40f5-8a18-839e84ca35ba}.Release|Any CPU.ActiveCfg = Release|Any CPU
		{4d23608b-9a72-40f5-8a18-839e84ca35ba}.Release|Any CPU.Build.0 = Release|Any CPU
		{0e16c99f-f2a2-4b2c-893c-e28d855b9e21}.Debug|Any CPU.ActiveCfg = Debug|Any CPU
		{0e16c99f-f2a2-4b2c-893c-e28d855b9e21}.Debug|Any CPU.Build.0 = Debug|Any CPU
		{0e16c99f-f2a2-4b2c-893c-e28d855b9e21}.Release|Any CPU.ActiveCfg = Release|Any CPU
		{0e16c99f-f2a2-4b2c-893c-e28d855b9e21}.Release|Any CPU.Build.0 = Release|Any CPU
		{8c944af3-299f-4f69-badb-ad87b2ed234c}.Debug|Any CPU.ActiveCfg = Debug|Any CPU
		{8c944af3-299f-4f69-badb-ad87b2ed234c}.Debug|Any CPU.Build.0 = Debug|Any CPU
		{8c944af3-299f-4f69-badb-ad87b2ed234c}.Release|Any CPU.ActiveCfg = Release|Any CPU
		{8c944af3-299f-4f69-badb-ad87b2ed234c}.Release|Any CPU.Build.0 = Release|Any CPU
		{71143814-c4ad-4f92-aea4-3ef7c981ba4c}.Debug|Any CPU.ActiveCfg = Debug|Any CPU
		{71143814-c4ad-4f92-aea4-3ef7c981ba4c}.Debug|Any CPU.Build.0 = Debug|Any CPU
		{71143814-c4ad-4f92-aea4-3ef7c981ba4c}.Release|Any CPU.ActiveCfg = Release|Any CPU
		{71143814-c4ad-4f92-aea4-3ef7c981ba4c}.Release|Any CPU.Build.0 = Release|Any CPU
		{14274db6-e416-4fd9-a656-99f3cfb3b622}.Debug|Any CPU.ActiveCfg = Debug|Any CPU
		{14274db6-e416-4fd9-a656-99f3cfb3b622}.Debug|Any CPU.Build.0 = Debug|Any CPU
		{14274db6-e416-4fd9-a656-99f3cfb3b622}.Release|Any CPU.ActiveCfg = Release|Any CPU
		{14274db6-e416-4fd9-a656-99f3cfb3b622}.Release|Any CPU.Build.0 = Release|Any CPU
		{473223b8-8052-4499-b84c-c2896e462a3d}.Debug|Any CPU.ActiveCfg = Debug|Any CPU
		{473223b8-8052-4499-b84c-c2896e462a3d}.Debug|Any CPU.Build.0 = Debug|Any CPU
		{473223b8-8052-4499-b84c-c2896e462a3d}.Release|Any CPU.ActiveCfg = Release|Any CPU
		{473223b8-8052-4499-b84c-c2896e462a3d}.Release|Any CPU.Build.0 = Release|Any CPU
		{55f0f6f1-00b5-40db-aa59-b7e1d565f33e}.Debug|Any CPU.ActiveCfg = Debug|Any CPU
		{55f0f6f1-00b5-40db-aa59-b7e1d565f33e}.Debug|Any CPU.Build.0 = Debug|Any CPU
		{55f0f6f1-00b5-40db-aa59-b7e1d565f33e}.Release|Any CPU.ActiveCfg = Release|Any CPU
		{55f0f6f1-00b5-40db-aa59-b7e1d565f33e}.Release|Any CPU.Build.0 = Release|Any CPU
		{b4b200ec-49e7-4933-9d33-c0a93c0dafb9}.Debug|Any CPU.ActiveCfg = Debug|Any CPU
		{b4b200ec-49e7-4933-9d33-c0a93c0dafb9}.Debug|Any CPU.Build.0 = Debug|Any CPU
		{b4b200ec-49e7-4933-9d33-c0a93c0dafb9}.Release|Any CPU.ActiveCfg = Release|Any CPU
		{b4b200ec-49e7-4933-9d33-c0a93c0dafb9}.Release|Any CPU.Build.0 = Release|Any CPU
		{554AD327-6DBA-4F8F-96F8-81CE7A0C863F}.Debug|Any CPU.ActiveCfg = Debug|Any CPU
		{554AD327-6DBA-4F8F-96F8-81CE7A0C863F}.Debug|Any CPU.Build.0 = Debug|Any CPU
		{554AD327-6DBA-4F8F-96F8-81CE7A0C863F}.Release|Any CPU.ActiveCfg = Release|Any CPU
		{554AD327-6DBA-4F8F-96F8-81CE7A0C863F}.Release|Any CPU.Build.0 = Release|Any CPU
		{1A94A50E-06DC-43C1-80B5-B662820EC3EB}.Debug|Any CPU.ActiveCfg = Debug|Any CPU
		{1A94A50E-06DC-43C1-80B5-B662820EC3EB}.Debug|Any CPU.Build.0 = Debug|Any CPU
		{1A94A50E-06DC-43C1-80B5-B662820EC3EB}.Release|Any CPU.ActiveCfg = Release|Any CPU
		{1A94A50E-06DC-43C1-80B5-B662820EC3EB}.Release|Any CPU.Build.0 = Release|Any CPU
		{C956DD76-69C8-4A9C-83EA-D17DF83340FD}.Debug|Any CPU.ActiveCfg = Debug|Any CPU
		{C956DD76-69C8-4A9C-83EA-D17DF83340FD}.Debug|Any CPU.Build.0 = Debug|Any CPU
		{C956DD76-69C8-4A9C-83EA-D17DF83340FD}.Release|Any CPU.ActiveCfg = Release|Any CPU
		{C956DD76-69C8-4A9C-83EA-D17DF83340FD}.Release|Any CPU.Build.0 = Release|Any CPU
		{068855E8-9240-4F1A-910B-CF825794513B}.Debug|Any CPU.ActiveCfg = Debug|Any CPU
		{068855E8-9240-4F1A-910B-CF825794513B}.Debug|Any CPU.Build.0 = Debug|Any CPU
		{068855E8-9240-4F1A-910B-CF825794513B}.Release|Any CPU.ActiveCfg = Release|Any CPU
		{068855E8-9240-4F1A-910B-CF825794513B}.Release|Any CPU.Build.0 = Release|Any CPU
		{50B2631D-129C-47B3-A587-029CCD6099BC}.Debug|Any CPU.ActiveCfg = Debug|Any CPU
		{50B2631D-129C-47B3-A587-029CCD6099BC}.Debug|Any CPU.Build.0 = Debug|Any CPU
		{50B2631D-129C-47B3-A587-029CCD6099BC}.Release|Any CPU.ActiveCfg = Release|Any CPU
		{50B2631D-129C-47B3-A587-029CCD6099BC}.Release|Any CPU.Build.0 = Release|Any CPU
		{5F1B28C6-8D0C-4155-92D0-252F7EA5F674}.Debug|Any CPU.ActiveCfg = Debug|Any CPU
		{5F1B28C6-8D0C-4155-92D0-252F7EA5F674}.Debug|Any CPU.Build.0 = Debug|Any CPU
		{5F1B28C6-8D0C-4155-92D0-252F7EA5F674}.Release|Any CPU.ActiveCfg = Release|Any CPU
		{5F1B28C6-8D0C-4155-92D0-252F7EA5F674}.Release|Any CPU.Build.0 = Release|Any CPU
		{42F719ED-8413-4895-B5B4-5AB56079BC66}.Debug|Any CPU.ActiveCfg = Debug|Any CPU
		{42F719ED-8413-4895-B5B4-5AB56079BC66}.Debug|Any CPU.Build.0 = Debug|Any CPU
		{42F719ED-8413-4895-B5B4-5AB56079BC66}.Release|Any CPU.ActiveCfg = Release|Any CPU
		{42F719ED-8413-4895-B5B4-5AB56079BC66}.Release|Any CPU.Build.0 = Release|Any CPU
		{520659C8-C734-4298-A3DA-B539DB9DFC0B}.Debug|Any CPU.ActiveCfg = Debug|Any CPU
		{520659C8-C734-4298-A3DA-B539DB9DFC0B}.Debug|Any CPU.Build.0 = Debug|Any CPU
		{520659C8-C734-4298-A3DA-B539DB9DFC0B}.Release|Any CPU.ActiveCfg = Release|Any CPU
		{520659C8-C734-4298-A3DA-B539DB9DFC0B}.Release|Any CPU.Build.0 = Release|Any CPU
		{4164BDF7-F527-4E85-9CE6-E3C2D7426A27}.Debug|Any CPU.ActiveCfg = Debug|Any CPU
		{4164BDF7-F527-4E85-9CE6-E3C2D7426A27}.Debug|Any CPU.Build.0 = Debug|Any CPU
		{4164BDF7-F527-4E85-9CE6-E3C2D7426A27}.Release|Any CPU.ActiveCfg = Release|Any CPU
		{4164BDF7-F527-4E85-9CE6-E3C2D7426A27}.Release|Any CPU.Build.0 = Release|Any CPU
		{3B5A0094-670D-4BB1-BFDD-61B88A8773DC}.Debug|Any CPU.ActiveCfg = Debug|Any CPU
		{3B5A0094-670D-4BB1-BFDD-61B88A8773DC}.Debug|Any CPU.Build.0 = Debug|Any CPU
		{3B5A0094-670D-4BB1-BFDD-61B88A8773DC}.Release|Any CPU.ActiveCfg = Release|Any CPU
		{3B5A0094-670D-4BB1-BFDD-61B88A8773DC}.Release|Any CPU.Build.0 = Release|Any CPU
		{1FE30EB9-74A9-47F5-A9F6-7B1FAB672D81}.Debug|Any CPU.ActiveCfg = Debug|Any CPU
		{1FE30EB9-74A9-47F5-A9F6-7B1FAB672D81}.Debug|Any CPU.Build.0 = Debug|Any CPU
		{1FE30EB9-74A9-47F5-A9F6-7B1FAB672D81}.Release|Any CPU.ActiveCfg = Release|Any CPU
		{1FE30EB9-74A9-47F5-A9F6-7B1FAB672D81}.Release|Any CPU.Build.0 = Release|Any CPU
		{91853F21-9CD9-4132-BC29-A7D5D84FFFE7}.Debug|Any CPU.ActiveCfg = Debug|Any CPU
		{91853F21-9CD9-4132-BC29-A7D5D84FFFE7}.Debug|Any CPU.Build.0 = Debug|Any CPU
		{91853F21-9CD9-4132-BC29-A7D5D84FFFE7}.Release|Any CPU.ActiveCfg = Release|Any CPU
		{91853F21-9CD9-4132-BC29-A7D5D84FFFE7}.Release|Any CPU.Build.0 = Release|Any CPU
		{E512F4D9-9375-480F-A2F6-A46509F9D824}.Debug|Any CPU.ActiveCfg = Debug|Any CPU
		{E512F4D9-9375-480F-A2F6-A46509F9D824}.Debug|Any CPU.Build.0 = Debug|Any CPU
		{E512F4D9-9375-480F-A2F6-A46509F9D824}.Release|Any CPU.ActiveCfg = Release|Any CPU
		{E512F4D9-9375-480F-A2F6-A46509F9D824}.Release|Any CPU.Build.0 = Release|Any CPU
		{EF480016-9127-4916-8735-D2466BDBC582}.Debug|Any CPU.ActiveCfg = Debug|Any CPU
		{EF480016-9127-4916-8735-D2466BDBC582}.Debug|Any CPU.Build.0 = Debug|Any CPU
		{EF480016-9127-4916-8735-D2466BDBC582}.Release|Any CPU.ActiveCfg = Release|Any CPU
		{EF480016-9127-4916-8735-D2466BDBC582}.Release|Any CPU.Build.0 = Release|Any CPU
		{AA94D832-1CCC-4715-95A9-A483F23A1A5D}.Debug|Any CPU.ActiveCfg = Debug|Any CPU
		{AA94D832-1CCC-4715-95A9-A483F23A1A5D}.Debug|Any CPU.Build.0 = Debug|Any CPU
		{AA94D832-1CCC-4715-95A9-A483F23A1A5D}.Release|Any CPU.ActiveCfg = Release|Any CPU
		{AA94D832-1CCC-4715-95A9-A483F23A1A5D}.Release|Any CPU.Build.0 = Release|Any CPU
	EndGlobalSection
	GlobalSection(SolutionProperties) = preSolution
		HideSolutionNode = FALSE
	EndGlobalSection
	GlobalSection(NestedProjects) = preSolution
		{f81e6685-2e79-4951-a251-9c424f9fd2fc} = {1db0ce5b-5559-4ba2-8a52-80fc4a69565b}
		{354c4834-763d-4681-bc51-80a807c96108} = {1db0ce5b-5559-4ba2-8a52-80fc4a69565b}
		{195d1add-0db7-4564-9990-fb574a1b57ee} = {1db0ce5b-5559-4ba2-8a52-80fc4a69565b}
		{8cdf998e-cf7a-435b-8f9c-ff146e16f7fc} = {1db0ce5b-5559-4ba2-8a52-80fc4a69565b}
		{70d94e2f-c7cc-48b6-854e-8f93edd8469b} = {1db0ce5b-5559-4ba2-8a52-80fc4a69565b}
		{ff86772b-287a-4851-ae24-bcd6298c8efd} = {1074959c-365c-4f4c-9135-0844e5a82f81}
		{bc586268-dec3-4ffb-bbdc-a8bbd5eb365a} = {1074959c-365c-4f4c-9135-0844e5a82f81}
		{1f7d4a48-4467-425c-8263-3c2e96236141} = {1074959c-365c-4f4c-9135-0844e5a82f81}
		{a2a11d04-e960-41cc-bb93-d80a9cbea2e9} = {1074959c-365c-4f4c-9135-0844e5a82f81}
		{aba83c6a-d5ef-416a-a44a-b14808cb78a8} = {1074959c-365c-4f4c-9135-0844e5a82f81}
		{619e8d2e-eaf9-4715-abf9-f54b648f8055} = {1074959c-365c-4f4c-9135-0844e5a82f81}
		{70f72b86-8ecb-408e-87d0-9e6049c70400} = {1074959c-365c-4f4c-9135-0844e5a82f81}
		{3857954a-7d6e-4d3b-92af-4ba979cdb618} = {1074959c-365c-4f4c-9135-0844e5a82f81}
		{79dc468e-3aad-4c6c-91c0-0f423d2ee673} = {1074959c-365c-4f4c-9135-0844e5a82f81}
		{1db0ce5b-5559-4ba2-8a52-80fc4a69565b} = {04DBDB01-70F4-4E06-B468-8F87850B22BE}
		{1074959c-365c-4f4c-9135-0844e5a82f81} = {475846e2-2d09-4164-b69c-8c7ffaef27f0}
		{c3bafa30-bef4-47e3-9ec9-152a25b248e8} = {2b70c136-790c-48f5-831f-c09958bdbb33}
		{b22f1a99-fdd4-4617-921d-61688c271200} = {2b70c136-790c-48f5-831f-c09958bdbb33}
		{025cf94b-e670-4f5e-bdc9-5b17d6d35995} = {2b70c136-790c-48f5-831f-c09958bdbb33}
		{4fad9657-e9f7-43a5-b3d1-d852bb045a9c} = {2b70c136-790c-48f5-831f-c09958bdbb33}
		{8a692eb4-d8ea-4769-9d0e-72f4e863c4b1} = {2b70c136-790c-48f5-831f-c09958bdbb33}
		{8da27689-d872-4550-ab3d-243d29723f10} = {157caf5a-12b2-49a1-b73c-f94a8bd19a2d}
		{d02459c4-34ec-43a4-a56a-fe79f20bd981} = {157caf5a-12b2-49a1-b73c-f94a8bd19a2d}
		{fdae7f42-ae36-4bcc-a6d4-5d7c44b0dc0a} = {157caf5a-12b2-49a1-b73c-f94a8bd19a2d}
		{14a2d57b-0887-4103-b1a2-f2f12bec1cf0} = {157caf5a-12b2-49a1-b73c-f94a8bd19a2d}
		{d8d4179a-3f38-44f7-ba7c-9f831d75b555} = {157caf5a-12b2-49a1-b73c-f94a8bd19a2d}
		{fa0beb96-4b18-4350-9c16-647a4dceef94} = {157caf5a-12b2-49a1-b73c-f94a8bd19a2d}
		{e1c89a68-5d2b-4a46-ae8e-38273e8f8173} = {157caf5a-12b2-49a1-b73c-f94a8bd19a2d}
		{e7fc660f-a1be-47f8-99ff-b78b9f6570e7} = {157caf5a-12b2-49a1-b73c-f94a8bd19a2d}
		{7672c015-6cd9-4d75-8bcb-efd086d90495} = {157caf5a-12b2-49a1-b73c-f94a8bd19a2d}
		{2b70c136-790c-48f5-831f-c09958bdbb33} = {04DBDB01-70F4-4E06-B468-8F87850B22BE}
		{157caf5a-12b2-49a1-b73c-f94a8bd19a2d} = {475846e2-2d09-4164-b69c-8c7ffaef27f0}
		{281df08b-93b9-4a56-88ae-6e5203abfaba} = {4b3d3696-5617-492d-bc47-2cfbf1e68238}
		{a2153654-c573-436e-ac56-9735150ea318} = {4b3d3696-5617-492d-bc47-2cfbf1e68238}
		{2dd792a8-8b41-43de-b852-cf17e309f3ba} = {4b3d3696-5617-492d-bc47-2cfbf1e68238}
		{fda47144-d253-4c1f-8745-28a24441e6f7} = {4b3d3696-5617-492d-bc47-2cfbf1e68238}
		{1c7a4917-29c3-4bd1-a612-74c38dfbd61a} = {4b3d3696-5617-492d-bc47-2cfbf1e68238}
		{17641503-47c6-450a-96f0-c3ac23b802be} = {09e9499e-bcf2-4d48-a430-ea282f4dafcc}
		{4d23608b-9a72-40f5-8a18-839e84ca35ba} = {09e9499e-bcf2-4d48-a430-ea282f4dafcc}
		{0e16c99f-f2a2-4b2c-893c-e28d855b9e21} = {09e9499e-bcf2-4d48-a430-ea282f4dafcc}
		{8c944af3-299f-4f69-badb-ad87b2ed234c} = {09e9499e-bcf2-4d48-a430-ea282f4dafcc}
		{71143814-c4ad-4f92-aea4-3ef7c981ba4c} = {09e9499e-bcf2-4d48-a430-ea282f4dafcc}
		{14274db6-e416-4fd9-a656-99f3cfb3b622} = {09e9499e-bcf2-4d48-a430-ea282f4dafcc}
		{473223b8-8052-4499-b84c-c2896e462a3d} = {09e9499e-bcf2-4d48-a430-ea282f4dafcc}
		{55f0f6f1-00b5-40db-aa59-b7e1d565f33e} = {09e9499e-bcf2-4d48-a430-ea282f4dafcc}
		{b4b200ec-49e7-4933-9d33-c0a93c0dafb9} = {09e9499e-bcf2-4d48-a430-ea282f4dafcc}
		{4b3d3696-5617-492d-bc47-2cfbf1e68238} = {04DBDB01-70F4-4E06-B468-8F87850B22BE}
		{09e9499e-bcf2-4d48-a430-ea282f4dafcc} = {475846e2-2d09-4164-b69c-8c7ffaef27f0}
		{554AD327-6DBA-4F8F-96F8-81CE7A0C863F} = {CA9AC87F-097E-4F15-8393-4BC07735A5B0}
		{1A94A50E-06DC-43C1-80B5-B662820EC3EB} = {CA9AC87F-097E-4F15-8393-4BC07735A5B0}
		{C956DD76-69C8-4A9C-83EA-D17DF83340FD} = {CA9AC87F-097E-4F15-8393-4BC07735A5B0}
		{068855E8-9240-4F1A-910B-CF825794513B} = {CA9AC87F-097E-4F15-8393-4BC07735A5B0}
		{50B2631D-129C-47B3-A587-029CCD6099BC} = {04DBDB01-70F4-4E06-B468-8F87850B22BE}
		{5F1B28C6-8D0C-4155-92D0-252F7EA5F674} = {04DBDB01-70F4-4E06-B468-8F87850B22BE}
		{42F719ED-8413-4895-B5B4-5AB56079BC66} = {CA9AC87F-097E-4F15-8393-4BC07735A5B0}
		{520659C8-C734-4298-A3DA-B539DB9DFC0B} = {CA9AC87F-097E-4F15-8393-4BC07735A5B0}
		{4164BDF7-F527-4E85-9CE6-E3C2D7426A27} = {CA9AC87F-097E-4F15-8393-4BC07735A5B0}
		{3B5A0094-670D-4BB1-BFDD-61B88A8773DC} = {CA9AC87F-097E-4F15-8393-4BC07735A5B0}
		{1FE30EB9-74A9-47F5-A9F6-7B1FAB672D81} = {04DBDB01-70F4-4E06-B468-8F87850B22BE}
		{91853F21-9CD9-4132-BC29-A7D5D84FFFE7} = {04DBDB01-70F4-4E06-B468-8F87850B22BE}
		{E512F4D9-9375-480F-A2F6-A46509F9D824} = {04DBDB01-70F4-4E06-B468-8F87850B22BE}
		{EF480016-9127-4916-8735-D2466BDBC582} = {04DBDB01-70F4-4E06-B468-8F87850B22BE}
		{AA94D832-1CCC-4715-95A9-A483F23A1A5D} = {CA9AC87F-097E-4F15-8393-4BC07735A5B0}
	EndGlobalSection
	GlobalSection(ExtensibilityGlobals) = postSolution
		SolutionGuid = {28315BFD-90E7-4E14-A2EA-F3D23AF4126F}
	EndGlobalSection
EndGlobal
